// !$*UTF8*$!
{
	archiveVersion = 1;
	classes = {
	};
	objectVersion = 56;
	objects = {

/* Begin PBXBuildFile section */
		EBDF6D9B2B4CDF0000199F9E /* AppDelegate.swift in Sources */ = {isa = PBXBuildFile; fileRef = EBDF6D9A2B4CDF0000199F9E /* AppDelegate.swift */; };
		EBDF6D9D2B4CDF0000199F9E /* SceneDelegate.swift in Sources */ = {isa = PBXBuildFile; fileRef = EBDF6D9C2B4CDF0000199F9E /* SceneDelegate.swift */; };
		EBDF6D9F2B4CDF0000199F9E /* ViewController.swift in Sources */ = {isa = PBXBuildFile; fileRef = EBDF6D9E2B4CDF0000199F9E /* ViewController.swift */; };
		EBDF6DA22B4CDF0000199F9E /* Main.storyboard in Resources */ = {isa = PBXBuildFile; fileRef = EBDF6DA02B4CDF0000199F9E /* Main.storyboard */; };
		EBDF6DA52B4CDF0000199F9E /* GWG_App.xcdatamodeld in Sources */ = {isa = PBXBuildFile; fileRef = EBDF6DA32B4CDF0000199F9E /* GWG_App.xcdatamodeld */; };
		EBDF6DA72B4CDF0200199F9E /* Assets.xcassets in Resources */ = {isa = PBXBuildFile; fileRef = EBDF6DA62B4CDF0200199F9E /* Assets.xcassets */; };
		EBDF6DAA2B4CDF0200199F9E /* LaunchScreen.storyboard in Resources */ = {isa = PBXBuildFile; fileRef = EBDF6DA82B4CDF0200199F9E /* LaunchScreen.storyboard */; };
/* End PBXBuildFile section */

/* Begin PBXFileReference section */
		EBDF6D972B4CDF0000199F9E /* GWG App.app */ = {isa = PBXFileReference; explicitFileType = wrapper.application; includeInIndex = 0; path = "GWG App.app"; sourceTree = BUILT_PRODUCTS_DIR; };
		EBDF6D9A2B4CDF0000199F9E /* AppDelegate.swift */ = {isa = PBXFileReference; lastKnownFileType = sourcecode.swift; path = AppDelegate.swift; sourceTree = "<group>"; };
		EBDF6D9C2B4CDF0000199F9E /* SceneDelegate.swift */ = {isa = PBXFileReference; lastKnownFileType = sourcecode.swift; path = SceneDelegate.swift; sourceTree = "<group>"; };
		EBDF6D9E2B4CDF0000199F9E /* ViewController.swift */ = {isa = PBXFileReference; lastKnownFileType = sourcecode.swift; path = ViewController.swift; sourceTree = "<group>"; };
		EBDF6DA12B4CDF0000199F9E /* Base */ = {isa = PBXFileReference; lastKnownFileType = file.storyboard; name = Base; path = Base.lproj/Main.storyboard; sourceTree = "<group>"; };
		EBDF6DA42B4CDF0000199F9E /* GWG_App.xcdatamodel */ = {isa = PBXFileReference; lastKnownFileType = wrapper.xcdatamodel; path = GWG_App.xcdatamodel; sourceTree = "<group>"; };
		EBDF6DA62B4CDF0200199F9E /* Assets.xcassets */ = {isa = PBXFileReference; lastKnownFileType = folder.assetcatalog; path = Assets.xcassets; sourceTree = "<group>"; };
		EBDF6DA92B4CDF0200199F9E /* Base */ = {isa = PBXFileReference; lastKnownFileType = file.storyboard; name = Base; path = Base.lproj/LaunchScreen.storyboard; sourceTree = "<group>"; };
		EBDF6DAB2B4CDF0200199F9E /* Info.plist */ = {isa = PBXFileReference; lastKnownFileType = text.plist.xml; path = Info.plist; sourceTree = "<group>"; };
/* End PBXFileReference section */

/* Begin PBXFrameworksBuildPhase section */
		EBDF6D942B4CDF0000199F9E /* Frameworks */ = {
			isa = PBXFrameworksBuildPhase;
			buildActionMask = 2147483647;
			files = (
			);
			runOnlyForDeploymentPostprocessing = 0;
		};
/* End PBXFrameworksBuildPhase section */

/* Begin PBXGroup section */
		EBDF6D8E2B4CDF0000199F9E = {
			isa = PBXGroup;
			children = (
				EBDF6D992B4CDF0000199F9E /* GWG App */,
				EBDF6D982B4CDF0000199F9E /* Products */,
			);
			sourceTree = "<group>";
		};
		EBDF6D982B4CDF0000199F9E /* Products */ = {
			isa = PBXGroup;
			children = (
				EBDF6D972B4CDF0000199F9E /* GWG App.app */,
			);
			name = Products;
			sourceTree = "<group>";
		};
		EBDF6D992B4CDF0000199F9E /* GWG App */ = {
			isa = PBXGroup;
			children = (
				EBDF6D9A2B4CDF0000199F9E /* AppDelegate.swift */,
				EBDF6D9C2B4CDF0000199F9E /* SceneDelegate.swift */,
				EBDF6D9E2B4CDF0000199F9E /* ViewController.swift */,
				EBDF6DA02B4CDF0000199F9E /* Main.storyboard */,
				EBDF6DA62B4CDF0200199F9E /* Assets.xcassets */,
				EBDF6DA82B4CDF0200199F9E /* LaunchScreen.storyboard */,
				EBDF6DAB2B4CDF0200199F9E /* Info.plist */,
				EBDF6DA32B4CDF0000199F9E /* GWG_App.xcdatamodeld */,
			);
			path = "GWG App";
			sourceTree = "<group>";
		};
/* End PBXGroup section */

/* Begin PBXNativeTarget section */
		EBDF6D962B4CDF0000199F9E /* GWG App */ = {
			isa = PBXNativeTarget;
			buildConfigurationList = EBDF6DAE2B4CDF0200199F9E /* Build configuration list for PBXNativeTarget "GWG App" */;
			buildPhases = (
				EBDF6D932B4CDF0000199F9E /* Sources */,
				EBDF6D942B4CDF0000199F9E /* Frameworks */,
				EBDF6D952B4CDF0000199F9E /* Resources */,
			);
			buildRules = (
			);
			dependencies = (
			);
			name = "GWG App";
			productName = "GWG App";
			productReference = EBDF6D972B4CDF0000199F9E /* GWG App.app */;
			productType = "com.apple.product-type.application";
		};
/* End PBXNativeTarget section */

/* Begin PBXProject section */
		EBDF6D8F2B4CDF0000199F9E /* Project object */ = {
			isa = PBXProject;
			attributes = {
				BuildIndependentTargetsInParallel = 1;
				LastSwiftUpdateCheck = 1420;
				LastUpgradeCheck = 1420;
				TargetAttributes = {
					EBDF6D962B4CDF0000199F9E = {
						CreatedOnToolsVersion = 14.2;
					};
				};
			};
			buildConfigurationList = EBDF6D922B4CDF0000199F9E /* Build configuration list for PBXProject "GWG App" */;
			compatibilityVersion = "Xcode 14.0";
			developmentRegion = en;
			hasScannedForEncodings = 0;
			knownRegions = (
				en,
				Base,
			);
			mainGroup = EBDF6D8E2B4CDF0000199F9E;
			productRefGroup = EBDF6D982B4CDF0000199F9E /* Products */;
			projectDirPath = "";
			projectRoot = "";
			targets = (
				EBDF6D962B4CDF0000199F9E /* GWG App */,
			);
		};
/* End PBXProject section */

/* Begin PBXResourcesBuildPhase section */
		EBDF6D952B4CDF0000199F9E /* Resources */ = {
			isa = PBXResourcesBuildPhase;
			buildActionMask = 2147483647;
			files = (
				EBDF6DAA2B4CDF0200199F9E /* LaunchScreen.storyboard in Resources */,
				EBDF6DA72B4CDF0200199F9E /* Assets.xcassets in Resources */,
				EBDF6DA22B4CDF0000199F9E /* Main.storyboard in Resources */,
			);
			runOnlyForDeploymentPostprocessing = 0;
		};
/* End PBXResourcesBuildPhase section */

/* Begin PBXSourcesBuildPhase section */
		EBDF6D932B4CDF0000199F9E /* Sources */ = {
			isa = PBXSourcesBuildPhase;
			buildActionMask = 2147483647;
			files = (
				EBDF6D9F2B4CDF0000199F9E /* ViewController.swift in Sources */,
				EBDF6DA52B4CDF0000199F9E /* GWG_App.xcdatamodeld in Sources */,
				EBDF6D9B2B4CDF0000199F9E /* AppDelegate.swift in Sources */,
				EBDF6D9D2B4CDF0000199F9E /* SceneDelegate.swift in Sources */,
			);
			runOnlyForDeploymentPostprocessing = 0;
		};
/* End PBXSourcesBuildPhase section */

/* Begin PBXVariantGroup section */
		EBDF6DA02B4CDF0000199F9E /* Main.storyboard */ = {
			isa = PBXVariantGroup;
			children = (
				EBDF6DA12B4CDF0000199F9E /* Base */,
			);
			name = Main.storyboard;
			sourceTree = "<group>";
		};
		EBDF6DA82B4CDF0200199F9E /* LaunchScreen.storyboard */ = {
			isa = PBXVariantGroup;
			children = (
				EBDF6DA92B4CDF0200199F9E /* Base */,
			);
			name = LaunchScreen.storyboard;
			sourceTree = "<group>";
		};
/* End PBXVariantGroup section */

/* Begin XCBuildConfiguration section */
		EBDF6DAC2B4CDF0200199F9E /* Debug */ = {
			isa = XCBuildConfiguration;
			buildSettings = {
				ALWAYS_SEARCH_USER_PATHS = NO;
				CLANG_ANALYZER_NONNULL = YES;
				CLANG_ANALYZER_NUMBER_OBJECT_CONVERSION = YES_AGGRESSIVE;
				CLANG_CXX_LANGUAGE_STANDARD = "gnu++20";
				CLANG_ENABLE_MODULES = YES;
				CLANG_ENABLE_OBJC_ARC = YES;
				CLANG_ENABLE_OBJC_WEAK = YES;
				CLANG_WARN_BLOCK_CAPTURE_AUTORELEASING = YES;
				CLANG_WARN_BOOL_CONVERSION = YES;
				CLANG_WARN_COMMA = YES;
				CLANG_WARN_CONSTANT_CONVERSION = YES;
				CLANG_WARN_DEPRECATED_OBJC_IMPLEMENTATIONS = YES;
				CLANG_WARN_DIRECT_OBJC_ISA_USAGE = YES_ERROR;
				CLANG_WARN_DOCUMENTATION_COMMENTS = YES;
				CLANG_WARN_EMPTY_BODY = YES;
				CLANG_WARN_ENUM_CONVERSION = YES;
				CLANG_WARN_INFINITE_RECURSION = YES;
				CLANG_WARN_INT_CONVERSION = YES;
				CLANG_WARN_NON_LITERAL_NULL_CONVERSION = YES;
				CLANG_WARN_OBJC_IMPLICIT_RETAIN_SELF = YES;
				CLANG_WARN_OBJC_LITERAL_CONVERSION = YES;
				CLANG_WARN_OBJC_ROOT_CLASS = YES_ERROR;
				CLANG_WARN_QUOTED_INCLUDE_IN_FRAMEWORK_HEADER = YES;
				CLANG_WARN_RANGE_LOOP_ANALYSIS = YES;
				CLANG_WARN_STRICT_PROTOTYPES = YES;
				CLANG_WARN_SUSPICIOUS_MOVE = YES;
				CLANG_WARN_UNGUARDED_AVAILABILITY = YES_AGGRESSIVE;
				CLANG_WARN_UNREACHABLE_CODE = YES;
				CLANG_WARN__DUPLICATE_METHOD_MATCH = YES;
				COPY_PHASE_STRIP = NO;
				DEBUG_INFORMATION_FORMAT = dwarf;
				ENABLE_STRICT_OBJC_MSGSEND = YES;
				ENABLE_TESTABILITY = YES;
				GCC_C_LANGUAGE_STANDARD = gnu11;
				GCC_DYNAMIC_NO_PIC = NO;
				GCC_NO_COMMON_BLOCKS = YES;
				GCC_OPTIMIZATION_LEVEL = 0;
				GCC_PREPROCESSOR_DEFINITIONS = (
					"DEBUG=1",
					"$(inherited)",
				);
				GCC_WARN_64_TO_32_BIT_CONVERSION = YES;
				GCC_WARN_ABOUT_RETURN_TYPE = YES_ERROR;
				GCC_WARN_UNDECLARED_SELECTOR = YES;
				GCC_WARN_UNINITIALIZED_AUTOS = YES_AGGRESSIVE;
				GCC_WARN_UNUSED_FUNCTION = YES;
				GCC_WARN_UNUSED_VARIABLE = YES;
				IPHONEOS_DEPLOYMENT_TARGET = 16.2;
				MTL_ENABLE_DEBUG_INFO = INCLUDE_SOURCE;
				MTL_FAST_MATH = YES;
				ONLY_ACTIVE_ARCH = YES;
				SDKROOT = iphoneos;
				SWIFT_ACTIVE_COMPILATION_CONDITIONS = DEBUG;
				SWIFT_OPTIMIZATION_LEVEL = "-Onone";
			};
			name = Debug;
		};
		EBDF6DAD2B4CDF0200199F9E /* Release */ = {
			isa = XCBuildConfiguration;
			buildSettings = {
				ALWAYS_SEARCH_USER_PATHS = NO;
				CLANG_ANALYZER_NONNULL = YES;
				CLANG_ANALYZER_NUMBER_OBJECT_CONVERSION = YES_AGGRESSIVE;
				CLANG_CXX_LANGUAGE_STANDARD = "gnu++20";
				CLANG_ENABLE_MODULES = YES;
				CLANG_ENABLE_OBJC_ARC = YES;
				CLANG_ENABLE_OBJC_WEAK = YES;
				CLANG_WARN_BLOCK_CAPTURE_AUTORELEASING = YES;
				CLANG_WARN_BOOL_CONVERSION = YES;
				CLANG_WARN_COMMA = YES;
				CLANG_WARN_CONSTANT_CONVERSION = YES;
				CLANG_WARN_DEPRECATED_OBJC_IMPLEMENTATIONS = YES;
				CLANG_WARN_DIRECT_OBJC_ISA_USAGE = YES_ERROR;
				CLANG_WARN_DOCUMENTATION_COMMENTS = YES;
				CLANG_WARN_EMPTY_BODY = YES;
				CLANG_WARN_ENUM_CONVERSION = YES;
				CLANG_WARN_INFINITE_RECURSION = YES;
				CLANG_WARN_INT_CONVERSION = YES;
				CLANG_WARN_NON_LITERAL_NULL_CONVERSION = YES;
				CLANG_WARN_OBJC_IMPLICIT_RETAIN_SELF = YES;
				CLANG_WARN_OBJC_LITERAL_CONVERSION = YES;
				CLANG_WARN_OBJC_ROOT_CLASS = YES_ERROR;
				CLANG_WARN_QUOTED_INCLUDE_IN_FRAMEWORK_HEADER = YES;
				CLANG_WARN_RANGE_LOOP_ANALYSIS = YES;
				CLANG_WARN_STRICT_PROTOTYPES = YES;
				CLANG_WARN_SUSPICIOUS_MOVE = YES;
				CLANG_WARN_UNGUARDED_AVAILABILITY = YES_AGGRESSIVE;
				CLANG_WARN_UNREACHABLE_CODE = YES;
				CLANG_WARN__DUPLICATE_METHOD_MATCH = YES;
				COPY_PHASE_STRIP = NO;
				DEBUG_INFORMATION_FORMAT = "dwarf-with-dsym";
				ENABLE_NS_ASSERTIONS = NO;
				ENABLE_STRICT_OBJC_MSGSEND = YES;
				GCC_C_LANGUAGE_STANDARD = gnu11;
				GCC_NO_COMMON_BLOCKS = YES;
				GCC_WARN_64_TO_32_BIT_CONVERSION = YES;
				GCC_WARN_ABOUT_RETURN_TYPE = YES_ERROR;
				GCC_WARN_UNDECLARED_SELECTOR = YES;
				GCC_WARN_UNINITIALIZED_AUTOS = YES_AGGRESSIVE;
				GCC_WARN_UNUSED_FUNCTION = YES;
				GCC_WARN_UNUSED_VARIABLE = YES;
				IPHONEOS_DEPLOYMENT_TARGET = 16.2;
				MTL_ENABLE_DEBUG_INFO = NO;
				MTL_FAST_MATH = YES;
				SDKROOT = iphoneos;
				SWIFT_COMPILATION_MODE = wholemodule;
				SWIFT_OPTIMIZATION_LEVEL = "-O";
				VALIDATE_PRODUCT = YES;
			};
			name = Release;
		};
		EBDF6DAF2B4CDF0200199F9E /* Debug */ = {
			isa = XCBuildConfiguration;
			buildSettings = {
				ASSETCATALOG_COMPILER_APPICON_NAME = AppIcon;
				ASSETCATALOG_COMPILER_GLOBAL_ACCENT_COLOR_NAME = AccentColor;
				CODE_SIGN_STYLE = Automatic;
				CURRENT_PROJECT_VERSION = 1;
				GENERATE_INFOPLIST_FILE = YES;
				INFOPLIST_FILE = "GWG App/Info.plist";
				INFOPLIST_KEY_UIApplicationSupportsIndirectInputEvents = YES;
				INFOPLIST_KEY_UILaunchStoryboardName = LaunchScreen;
				INFOPLIST_KEY_UIMainStoryboardFile = Main;
				INFOPLIST_KEY_UISupportedInterfaceOrientations_iPad = "UIInterfaceOrientationPortrait UIInterfaceOrientationPortraitUpsideDown UIInterfaceOrientationLandscapeLeft UIInterfaceOrientationLandscapeRight";
				INFOPLIST_KEY_UISupportedInterfaceOrientations_iPhone = "UIInterfaceOrientationPortrait UIInterfaceOrientationLandscapeLeft UIInterfaceOrientationLandscapeRight";
				LD_RUNPATH_SEARCH_PATHS = (
					"$(inherited)",
					"@executable_path/Frameworks",
				);
				MARKETING_VERSION = 1.0;
				PRODUCT_BUNDLE_IDENTIFIER = "edu.monash.GWG-App";
				PRODUCT_NAME = "$(TARGET_NAME)";
				SWIFT_EMIT_LOC_STRINGS = YES;
				SWIFT_VERSION = 5.0;
				TARGETED_DEVICE_FAMILY = "1,2";
			};
			name = Debug;
		};
		EBDF6DB02B4CDF0200199F9E /* Release */ = {
			isa = XCBuildConfiguration;
			buildSettings = {
				ASSETCATALOG_COMPILER_APPICON_NAME = AppIcon;
				ASSETCATALOG_COMPILER_GLOBAL_ACCENT_COLOR_NAME = AccentColor;
				CODE_SIGN_STYLE = Automatic;
				CURRENT_PROJECT_VERSION = 1;
				GENERATE_INFOPLIST_FILE = YES;
				INFOPLIST_FILE = "GWG App/Info.plist";
				INFOPLIST_KEY_UIApplicationSupportsIndirectInputEvents = YES;
				INFOPLIST_KEY_UILaunchStoryboardName = LaunchScreen;
				INFOPLIST_KEY_UIMainStoryboardFile = Main;
				INFOPLIST_KEY_UISupportedInterfaceOrientations_iPad = "UIInterfaceOrientationPortrait UIInterfaceOrientationPortraitUpsideDown UIInterfaceOrientationLandscapeLeft UIInterfaceOrientationLandscapeRight";
				INFOPLIST_KEY_UISupportedInterfaceOrientations_iPhone = "UIInterfaceOrientationPortrait UIInterfaceOrientationLandscapeLeft UIInterfaceOrientationLandscapeRight";
				LD_RUNPATH_SEARCH_PATHS = (
					"$(inherited)",
					"@executable_path/Frameworks",
				);
				MARKETING_VERSION = 1.0;
				PRODUCT_BUNDLE_IDENTIFIER = "edu.monash.GWG-App";
				PRODUCT_NAME = "$(TARGET_NAME)";
				SWIFT_EMIT_LOC_STRINGS = YES;
				SWIFT_VERSION = 5.0;
				TARGETED_DEVICE_FAMILY = "1,2";
			};
			name = Release;
		};
/* End XCBuildConfiguration section */

/* Begin XCConfigurationList section */
		EBDF6D922B4CDF0000199F9E /* Build configuration list for PBXProject "GWG App" */ = {
			isa = XCConfigurationList;
			buildConfigurations = (
				EBDF6DAC2B4CDF0200199F9E /* Debug */,
				EBDF6DAD2B4CDF0200199F9E /* Release */,
			);
			defaultConfigurationIsVisible = 0;
			defaultConfigurationName = Release;
		};
		EBDF6DAE2B4CDF0200199F9E /* Build configuration list for PBXNativeTarget "GWG App" */ = {
			isa = XCConfigurationList;
			buildConfigurations = (
				EBDF6DAF2B4CDF0200199F9E /* Debug */,
				EBDF6DB02B4CDF0200199F9E /* Release */,
			);
			defaultConfigurationIsVisible = 0;
			defaultConfigurationName = Release;
		};
/* End XCConfigurationList section */

/* Begin XCVersionGroup section */
		EBDF6DA32B4CDF0000199F9E /* GWG_App.xcdatamodeld */ = {
			isa = XCVersionGroup;
			children = (
				EBDF6DA42B4CDF0000199F9E /* GWG_App.xcdatamodel */,
			);
			currentVersion = EBDF6DA42B4CDF0000199F9E /* GWG_App.xcdatamodel */;
			path = GWG_App.xcdatamodeld;
			sourceTree = "<group>";
			versionGroupType = wrapper.xcdatamodel;
		};
/* End XCVersionGroup section */
	};
	rootObject = EBDF6D8F2B4CDF0000199F9E /* Project object */;
}
